
Microsoft Visual Studio Solution File, Format Version 11.00
# Visual Studio 2010
Project("{FAE04EC0-301F-11D3-BF4B-00C04F79EFBC}") = "Tests", "Tests.csproj", "{4630E269-CC8B-C86C-A349-4492A07E211B}"
EndProject
Project("{FAE04EC0-301F-11D3-BF4B-00C04F79EFBC}") = "Assembly-CSharp", "Assembly-CSharp.csproj", "{770FCAB4-8F71-B4E6-FA26-46E3B21890E6}"
EndProject
Global
	GlobalSection(SolutionConfigurationPlatforms) = preSolution
		Debug|Any CPU = Debug|Any CPU
		Release|Any CPU = Release|Any CPU
	EndGlobalSection
	GlobalSection(ProjectConfigurationPlatforms) = postSolution
		{4630E269-CC8B-C86C-A349-4492A07E211B}.Debug|Any CPU.ActiveCfg = Debug|Any CPU
		{4630E269-CC8B-C86C-A349-4492A07E211B}.Debug|Any CPU.Build.0 = Debug|Any CPU
		{4630E269-CC8B-C86C-A349-4492A07E211B}.Release|Any CPU.ActiveCfg = Release|Any CPU
		{4630E269-CC8B-C86C-A349-4492A07E211B}.Release|Any CPU.Build.0 = Release|Any CPU
		{770FCAB4-8F71-B4E6-FA26-46E3B21890E6}.Debug|Any CPU.ActiveCfg = Debug|Any CPU
		{770FCAB4-8F71-B4E6-FA26-46E3B21890E6}.Debug|Any CPU.Build.0 = Debug|Any CPU
		{770FCAB4-8F71-B4E6-FA26-46E3B21890E6}.Release|Any CPU.ActiveCfg = Release|Any CPU
		{770FCAB4-8F71-B4E6-FA26-46E3B21890E6}.Release|Any CPU.Build.0 = Release|Any CPU
	EndGlobalSection
	GlobalSection(SolutionProperties) = preSolution
		HideSolutionNode = FALSE
	EndGlobalSection
EndGlobal
